// !$*UTF8*$!
{
	archiveVersion = 1;
	classes = {
	};
	objectVersion = 77;
	objects = {

/* Begin PBXBuildFile section */
		195F98E42CF89B5D0072F73E /* Auth in Frameworks */ = {isa = PBXBuildFile; productRef = 195F98E32CF89B5D0072F73E /* Auth */; };
		195F98E62CF89B5D0072F73E /* Functions in Frameworks */ = {isa = PBXBuildFile; productRef = 195F98E52CF89B5D0072F73E /* Functions */; };
		195F98E82CF89B5D0072F73E /* Supabase in Frameworks */ = {isa = PBXBuildFile; productRef = 195F98E72CF89B5D0072F73E /* Supabase */; };
		195F98F12CF8A20E0072F73E /* SwiftKeychainWrapper in Frameworks */ = {isa = PBXBuildFile; productRef = 195F98F02CF8A20E0072F73E /* SwiftKeychainWrapper */; };
		19EB51DA2CFBC21100F64205 /* PostHog in Frameworks */ = {isa = PBXBuildFile; productRef = 19EB51D92CFBC21100F64205 /* PostHog */; };
/* End PBXBuildFile section */

/* Begin PBXContainerItemProxy section */
		195F98C32CF883000072F73E /* PBXContainerItemProxy */ = {
			isa = PBXContainerItemProxy;
			containerPortal = 195F98AA2CF882FE0072F73E /* Project object */;
			proxyType = 1;
			remoteGlobalIDString = 195F98B12CF882FE0072F73E;
			remoteInfo = PersonaBot;
		};
		195F98CD2CF883000072F73E /* PBXContainerItemProxy */ = {
			isa = PBXContainerItemProxy;
			containerPortal = 195F98AA2CF882FE0072F73E /* Project object */;
			proxyType = 1;
			remoteGlobalIDString = 195F98B12CF882FE0072F73E;
			remoteInfo = PersonaBot;
		};
/* End PBXContainerItemProxy section */

/* Begin PBXFileReference section */
		195F98B22CF882FE0072F73E /* PersonaBot.app */ = {isa = PBXFileReference; explicitFileType = wrapper.application; includeInIndex = 0; path = PersonaBot.app; sourceTree = BUILT_PRODUCTS_DIR; };
		195F98C22CF883000072F73E /* PersonaBotTests.xctest */ = {isa = PBXFileReference; explicitFileType = wrapper.cfbundle; includeInIndex = 0; path = PersonaBotTests.xctest; sourceTree = BUILT_PRODUCTS_DIR; };
		195F98CC2CF883000072F73E /* PersonaBotUITests.xctest */ = {isa = PBXFileReference; explicitFileType = wrapper.cfbundle; includeInIndex = 0; path = PersonaBotUITests.xctest; sourceTree = BUILT_PRODUCTS_DIR; };
/* End PBXFileReference section */

/* Begin PBXFileSystemSynchronizedBuildFileExceptionSet section */
		19EB51D22CFA108800F64205 /* Exceptions for "PersonaBot" folder in "PersonaBot" target */ = {
			isa = PBXFileSystemSynchronizedBuildFileExceptionSet;
			membershipExceptions = (
				Info.plist,
			);
			target = 195F98B12CF882FE0072F73E /* PersonaBot */;
		};
/* End PBXFileSystemSynchronizedBuildFileExceptionSet section */

/* Begin PBXFileSystemSynchronizedRootGroup section */
		195F98B42CF882FE0072F73E /* PersonaBot */ = {
			isa = PBXFileSystemSynchronizedRootGroup;
			exceptions = (
				19EB51D22CFA108800F64205 /* Exceptions for "PersonaBot" folder in "PersonaBot" target */,
			);
			path = PersonaBot;
			sourceTree = "<group>";
		};
		195F98C52CF883000072F73E /* PersonaBotTests */ = {
			isa = PBXFileSystemSynchronizedRootGroup;
			path = PersonaBotTests;
			sourceTree = "<group>";
		};
		195F98CF2CF883000072F73E /* PersonaBotUITests */ = {
			isa = PBXFileSystemSynchronizedRootGroup;
			path = PersonaBotUITests;
			sourceTree = "<group>";
		};
/* End PBXFileSystemSynchronizedRootGroup section */

/* Begin PBXFrameworksBuildPhase section */
		195F98AF2CF882FE0072F73E /* Frameworks */ = {
			isa = PBXFrameworksBuildPhase;
			buildActionMask = 2147483647;
			files = (
				195F98E62CF89B5D0072F73E /* Functions in Frameworks */,
				195F98E42CF89B5D0072F73E /* Auth in Frameworks */,
				19EB51DA2CFBC21100F64205 /* PostHog in Frameworks */,
				195F98F12CF8A20E0072F73E /* SwiftKeychainWrapper in Frameworks */,
				195F98E82CF89B5D0072F73E /* Supabase in Frameworks */,
			);
			runOnlyForDeploymentPostprocessing = 0;
		};
		195F98BF2CF883000072F73E /* Frameworks */ = {
			isa = PBXFrameworksBuildPhase;
			buildActionMask = 2147483647;
			files = (
			);
			runOnlyForDeploymentPostprocessing = 0;
		};
		195F98C92CF883000072F73E /* Frameworks */ = {
			isa = PBXFrameworksBuildPhase;
			buildActionMask = 2147483647;
			files = (
			);
			runOnlyForDeploymentPostprocessing = 0;
		};
/* End PBXFrameworksBuildPhase section */

/* Begin PBXGroup section */
		195F98A92CF882FE0072F73E = {
			isa = PBXGroup;
			children = (
				195F98B42CF882FE0072F73E /* PersonaBot */,
				195F98C52CF883000072F73E /* PersonaBotTests */,
				195F98CF2CF883000072F73E /* PersonaBotUITests */,
				195F98B32CF882FE0072F73E /* Products */,
			);
			sourceTree = "<group>";
		};
		195F98B32CF882FE0072F73E /* Products */ = {
			isa = PBXGroup;
			children = (
				195F98B22CF882FE0072F73E /* PersonaBot.app */,
				195F98C22CF883000072F73E /* PersonaBotTests.xctest */,
				195F98CC2CF883000072F73E /* PersonaBotUITests.xctest */,
			);
			name = Products;
			sourceTree = "<group>";
		};
/* End PBXGroup section */

/* Begin PBXNativeTarget section */
		195F98B12CF882FE0072F73E /* PersonaBot */ = {
			isa = PBXNativeTarget;
			buildConfigurationList = 195F98D62CF883000072F73E /* Build configuration list for PBXNativeTarget "PersonaBot" */;
			buildPhases = (
				195F98AE2CF882FE0072F73E /* Sources */,
				195F98AF2CF882FE0072F73E /* Frameworks */,
				195F98B02CF882FE0072F73E /* Resources */,
			);
			buildRules = (
			);
			dependencies = (
			);
			fileSystemSynchronizedGroups = (
				195F98B42CF882FE0072F73E /* PersonaBot */,
			);
			name = PersonaBot;
			packageProductDependencies = (
				195F98E32CF89B5D0072F73E /* Auth */,
				195F98E52CF89B5D0072F73E /* Functions */,
				195F98E72CF89B5D0072F73E /* Supabase */,
				195F98F02CF8A20E0072F73E /* SwiftKeychainWrapper */,
				19EB51D92CFBC21100F64205 /* PostHog */,
			);
			productName = PersonaBot;
			productReference = 195F98B22CF882FE0072F73E /* PersonaBot.app */;
			productType = "com.apple.product-type.application";
		};
		195F98C12CF883000072F73E /* PersonaBotTests */ = {
			isa = PBXNativeTarget;
			buildConfigurationList = 195F98D92CF883000072F73E /* Build configuration list for PBXNativeTarget "PersonaBotTests" */;
			buildPhases = (
				195F98BE2CF883000072F73E /* Sources */,
				195F98BF2CF883000072F73E /* Frameworks */,
				195F98C02CF883000072F73E /* Resources */,
			);
			buildRules = (
			);
			dependencies = (
				195F98C42CF883000072F73E /* PBXTargetDependency */,
			);
			fileSystemSynchronizedGroups = (
				195F98C52CF883000072F73E /* PersonaBotTests */,
			);
			name = PersonaBotTests;
			packageProductDependencies = (
			);
			productName = PersonaBotTests;
			productReference = 195F98C22CF883000072F73E /* PersonaBotTests.xctest */;
			productType = "com.apple.product-type.bundle.unit-test";
		};
		195F98CB2CF883000072F73E /* PersonaBotUITests */ = {
			isa = PBXNativeTarget;
			buildConfigurationList = 195F98DC2CF883000072F73E /* Build configuration list for PBXNativeTarget "PersonaBotUITests" */;
			buildPhases = (
				195F98C82CF883000072F73E /* Sources */,
				195F98C92CF883000072F73E /* Frameworks */,
				195F98CA2CF883000072F73E /* Resources */,
			);
			buildRules = (
			);
			dependencies = (
				195F98CE2CF883000072F73E /* PBXTargetDependency */,
			);
			fileSystemSynchronizedGroups = (
				195F98CF2CF883000072F73E /* PersonaBotUITests */,
			);
			name = PersonaBotUITests;
			packageProductDependencies = (
			);
			productName = PersonaBotUITests;
			productReference = 195F98CC2CF883000072F73E /* PersonaBotUITests.xctest */;
			productType = "com.apple.product-type.bundle.ui-testing";
		};
/* End PBXNativeTarget section */

/* Begin PBXProject section */
		195F98AA2CF882FE0072F73E /* Project object */ = {
			isa = PBXProject;
			attributes = {
				BuildIndependentTargetsInParallel = 1;
				LastSwiftUpdateCheck = 1610;
				LastUpgradeCheck = 1610;
				TargetAttributes = {
					195F98B12CF882FE0072F73E = {
						CreatedOnToolsVersion = 16.1;
					};
					195F98C12CF883000072F73E = {
						CreatedOnToolsVersion = 16.1;
						TestTargetID = 195F98B12CF882FE0072F73E;
					};
					195F98CB2CF883000072F73E = {
						CreatedOnToolsVersion = 16.1;
						TestTargetID = 195F98B12CF882FE0072F73E;
					};
				};
			};
			buildConfigurationList = 195F98AD2CF882FE0072F73E /* Build configuration list for PBXProject "PersonaBot" */;
			developmentRegion = en;
			hasScannedForEncodings = 0;
			knownRegions = (
				en,
				Base,
			);
			mainGroup = 195F98A92CF882FE0072F73E;
			minimizedProjectReferenceProxies = 1;
			packageReferences = (
				195F98E22CF89B5D0072F73E /* XCRemoteSwiftPackageReference "supabase-swift" */,
				195F98EF2CF8A20E0072F73E /* XCRemoteSwiftPackageReference "SwiftKeychainWrapper" */,
				19EB51D82CFBC1D100F64205 /* XCRemoteSwiftPackageReference "posthog-ios" */,
			);
			preferredProjectObjectVersion = 77;
			productRefGroup = 195F98B32CF882FE0072F73E /* Products */;
			projectDirPath = "";
			projectRoot = "";
			targets = (
				195F98B12CF882FE0072F73E /* PersonaBot */,
				195F98C12CF883000072F73E /* PersonaBotTests */,
				195F98CB2CF883000072F73E /* PersonaBotUITests */,
			);
		};
/* End PBXProject section */

/* Begin PBXResourcesBuildPhase section */
		195F98B02CF882FE0072F73E /* Resources */ = {
			isa = PBXResourcesBuildPhase;
			buildActionMask = 2147483647;
			files = (
			);
			runOnlyForDeploymentPostprocessing = 0;
		};
		195F98C02CF883000072F73E /* Resources */ = {
			isa = PBXResourcesBuildPhase;
			buildActionMask = 2147483647;
			files = (
			);
			runOnlyForDeploymentPostprocessing = 0;
		};
		195F98CA2CF883000072F73E /* Resources */ = {
			isa = PBXResourcesBuildPhase;
			buildActionMask = 2147483647;
			files = (
			);
			runOnlyForDeploymentPostprocessing = 0;
		};
/* End PBXResourcesBuildPhase section */

/* Begin PBXSourcesBuildPhase section */
		195F98AE2CF882FE0072F73E /* Sources */ = {
			isa = PBXSourcesBuildPhase;
			buildActionMask = 2147483647;
			files = (
			);
			runOnlyForDeploymentPostprocessing = 0;
		};
		195F98BE2CF883000072F73E /* Sources */ = {
			isa = PBXSourcesBuildPhase;
			buildActionMask = 2147483647;
			files = (
			);
			runOnlyForDeploymentPostprocessing = 0;
		};
		195F98C82CF883000072F73E /* Sources */ = {
			isa = PBXSourcesBuildPhase;
			buildActionMask = 2147483647;
			files = (
			);
			runOnlyForDeploymentPostprocessing = 0;
		};
/* End PBXSourcesBuildPhase section */

/* Begin PBXTargetDependency section */
		195F98C42CF883000072F73E /* PBXTargetDependency */ = {
			isa = PBXTargetDependency;
			target = 195F98B12CF882FE0072F73E /* PersonaBot */;
			targetProxy = 195F98C32CF883000072F73E /* PBXContainerItemProxy */;
		};
		195F98CE2CF883000072F73E /* PBXTargetDependency */ = {
			isa = PBXTargetDependency;
			target = 195F98B12CF882FE0072F73E /* PersonaBot */;
			targetProxy = 195F98CD2CF883000072F73E /* PBXContainerItemProxy */;
		};
/* End PBXTargetDependency section */

/* Begin XCBuildConfiguration section */
		195F98D42CF883000072F73E /* Debug */ = {
			isa = XCBuildConfiguration;
			buildSettings = {
				ALWAYS_SEARCH_USER_PATHS = NO;
				ASSETCATALOG_COMPILER_GENERATE_SWIFT_ASSET_SYMBOL_EXTENSIONS = YES;
				CLANG_ANALYZER_NONNULL = YES;
				CLANG_ANALYZER_NUMBER_OBJECT_CONVERSION = YES_AGGRESSIVE;
				CLANG_CXX_LANGUAGE_STANDARD = "gnu++20";
				CLANG_ENABLE_MODULES = YES;
				CLANG_ENABLE_OBJC_ARC = YES;
				CLANG_ENABLE_OBJC_WEAK = YES;
				CLANG_WARN_BLOCK_CAPTURE_AUTORELEASING = YES;
				CLANG_WARN_BOOL_CONVERSION = YES;
				CLANG_WARN_COMMA = YES;
				CLANG_WARN_CONSTANT_CONVERSION = YES;
				CLANG_WARN_DEPRECATED_OBJC_IMPLEMENTATIONS = YES;
				CLANG_WARN_DIRECT_OBJC_ISA_USAGE = YES_ERROR;
				CLANG_WARN_DOCUMENTATION_COMMENTS = YES;
				CLANG_WARN_EMPTY_BODY = YES;
				CLANG_WARN_ENUM_CONVERSION = YES;
				CLANG_WARN_INFINITE_RECURSION = YES;
				CLANG_WARN_INT_CONVERSION = YES;
				CLANG_WARN_NON_LITERAL_NULL_CONVERSION = YES;
				CLANG_WARN_OBJC_IMPLICIT_RETAIN_SELF = YES;
				CLANG_WARN_OBJC_LITERAL_CONVERSION = YES;
				CLANG_WARN_OBJC_ROOT_CLASS = YES_ERROR;
				CLANG_WARN_QUOTED_INCLUDE_IN_FRAMEWORK_HEADER = YES;
				CLANG_WARN_RANGE_LOOP_ANALYSIS = YES;
				CLANG_WARN_STRICT_PROTOTYPES = YES;
				CLANG_WARN_SUSPICIOUS_MOVE = YES;
				CLANG_WARN_UNGUARDED_AVAILABILITY = YES_AGGRESSIVE;
				CLANG_WARN_UNREACHABLE_CODE = YES;
				CLANG_WARN__DUPLICATE_METHOD_MATCH = YES;
				COPY_PHASE_STRIP = NO;
				DEBUG_INFORMATION_FORMAT = dwarf;
				ENABLE_STRICT_OBJC_MSGSEND = YES;
				ENABLE_TESTABILITY = YES;
				ENABLE_USER_SCRIPT_SANDBOXING = YES;
				GCC_C_LANGUAGE_STANDARD = gnu17;
				GCC_DYNAMIC_NO_PIC = NO;
				GCC_NO_COMMON_BLOCKS = YES;
				GCC_OPTIMIZATION_LEVEL = 0;
				GCC_PREPROCESSOR_DEFINITIONS = (
					"DEBUG=1",
					"$(inherited)",
				);
				GCC_WARN_64_TO_32_BIT_CONVERSION = YES;
				GCC_WARN_ABOUT_RETURN_TYPE = YES_ERROR;
				GCC_WARN_UNDECLARED_SELECTOR = YES;
				GCC_WARN_UNINITIALIZED_AUTOS = YES_AGGRESSIVE;
				GCC_WARN_UNUSED_FUNCTION = YES;
				GCC_WARN_UNUSED_VARIABLE = YES;
				IPHONEOS_DEPLOYMENT_TARGET = 18.1;
				LOCALIZATION_PREFERS_STRING_CATALOGS = YES;
				MTL_ENABLE_DEBUG_INFO = INCLUDE_SOURCE;
				MTL_FAST_MATH = YES;
				ONLY_ACTIVE_ARCH = YES;
				SDKROOT = iphoneos;
				SWIFT_ACTIVE_COMPILATION_CONDITIONS = "DEBUG $(inherited)";
				SWIFT_OPTIMIZATION_LEVEL = "-Onone";
			};
			name = Debug;
		};
		195F98D52CF883000072F73E /* Release */ = {
			isa = XCBuildConfiguration;
			buildSettings = {
				ALWAYS_SEARCH_USER_PATHS = NO;
				ASSETCATALOG_COMPILER_GENERATE_SWIFT_ASSET_SYMBOL_EXTENSIONS = YES;
				CLANG_ANALYZER_NONNULL = YES;
				CLANG_ANALYZER_NUMBER_OBJECT_CONVERSION = YES_AGGRESSIVE;
				CLANG_CXX_LANGUAGE_STANDARD = "gnu++20";
				CLANG_ENABLE_MODULES = YES;
				CLANG_ENABLE_OBJC_ARC = YES;
				CLANG_ENABLE_OBJC_WEAK = YES;
				CLANG_WARN_BLOCK_CAPTURE_AUTORELEASING = YES;
				CLANG_WARN_BOOL_CONVERSION = YES;
				CLANG_WARN_COMMA = YES;
				CLANG_WARN_CONSTANT_CONVERSION = YES;
				CLANG_WARN_DEPRECATED_OBJC_IMPLEMENTATIONS = YES;
				CLANG_WARN_DIRECT_OBJC_ISA_USAGE = YES_ERROR;
				CLANG_WARN_DOCUMENTATION_COMMENTS = YES;
				CLANG_WARN_EMPTY_BODY = YES;
				CLANG_WARN_ENUM_CONVERSION = YES;
				CLANG_WARN_INFINITE_RECURSION = YES;
				CLANG_WARN_INT_CONVERSION = YES;
				CLANG_WARN_NON_LITERAL_NULL_CONVERSION = YES;
				CLANG_WARN_OBJC_IMPLICIT_RETAIN_SELF = YES;
				CLANG_WARN_OBJC_LITERAL_CONVERSION = YES;
				CLANG_WARN_OBJC_ROOT_CLASS = YES_ERROR;
				CLANG_WARN_QUOTED_INCLUDE_IN_FRAMEWORK_HEADER = YES;
				CLANG_WARN_RANGE_LOOP_ANALYSIS = YES;
				CLANG_WARN_STRICT_PROTOTYPES = YES;
				CLANG_WARN_SUSPICIOUS_MOVE = YES;
				CLANG_WARN_UNGUARDED_AVAILABILITY = YES_AGGRESSIVE;
				CLANG_WARN_UNREACHABLE_CODE = YES;
				CLANG_WARN__DUPLICATE_METHOD_MATCH = YES;
				COPY_PHASE_STRIP = NO;
				DEBUG_INFORMATION_FORMAT = "dwarf-with-dsym";
				ENABLE_NS_ASSERTIONS = NO;
				ENABLE_STRICT_OBJC_MSGSEND = YES;
				ENABLE_USER_SCRIPT_SANDBOXING = YES;
				GCC_C_LANGUAGE_STANDARD = gnu17;
				GCC_NO_COMMON_BLOCKS = YES;
				GCC_WARN_64_TO_32_BIT_CONVERSION = YES;
				GCC_WARN_ABOUT_RETURN_TYPE = YES_ERROR;
				GCC_WARN_UNDECLARED_SELECTOR = YES;
				GCC_WARN_UNINITIALIZED_AUTOS = YES_AGGRESSIVE;
				GCC_WARN_UNUSED_FUNCTION = YES;
				GCC_WARN_UNUSED_VARIABLE = YES;
				IPHONEOS_DEPLOYMENT_TARGET = 18.1;
				LOCALIZATION_PREFERS_STRING_CATALOGS = YES;
				MTL_ENABLE_DEBUG_INFO = NO;
				MTL_FAST_MATH = YES;
				SDKROOT = iphoneos;
				SWIFT_COMPILATION_MODE = wholemodule;
				VALIDATE_PRODUCT = YES;
			};
			name = Release;
		};
		195F98D72CF883000072F73E /* Debug */ = {
			isa = XCBuildConfiguration;
			buildSettings = {
				ASSETCATALOG_COMPILER_APPICON_NAME = AppIcon;
				ASSETCATALOG_COMPILER_GLOBAL_ACCENT_COLOR_NAME = AccentColor;
				CODE_SIGN_STYLE = Automatic;
				CURRENT_PROJECT_VERSION = 1;
				DEVELOPMENT_ASSET_PATHS = "\"PersonaBot/Preview Content\"";
				DEVELOPMENT_TEAM = 38BX39NM89;
				ENABLE_PREVIEWS = YES;
				GENERATE_INFOPLIST_FILE = YES;
				INFOPLIST_FILE = PersonaBot/Info.plist;
				INFOPLIST_KEY_LSApplicationCategoryType = "";
				INFOPLIST_KEY_UIApplicationSceneManifest_Generation = YES;
				INFOPLIST_KEY_UIApplicationSupportsIndirectInputEvents = YES;
				INFOPLIST_KEY_UILaunchScreen_Generation = YES;
				INFOPLIST_KEY_UISupportedInterfaceOrientations_iPad = "UIInterfaceOrientationPortrait UIInterfaceOrientationPortraitUpsideDown UIInterfaceOrientationLandscapeLeft UIInterfaceOrientationLandscapeRight";
				INFOPLIST_KEY_UISupportedInterfaceOrientations_iPhone = "UIInterfaceOrientationPortrait UIInterfaceOrientationLandscapeLeft UIInterfaceOrientationLandscapeRight";
				IPHONEOS_DEPLOYMENT_TARGET = 15.6;
				LD_RUNPATH_SEARCH_PATHS = (
					"$(inherited)",
					"@executable_path/Frameworks",
				);
				MARKETING_VERSION = 1.0;
				PRODUCT_BUNDLE_IDENTIFIER = PersonaEth.PersonaBot;
				PRODUCT_NAME = "$(TARGET_NAME)";
				SWIFT_EMIT_LOC_STRINGS = YES;
				SWIFT_VERSION = 5.0;
				TARGETED_DEVICE_FAMILY = "1,2";
			};
			name = Debug;
		};
		195F98D82CF883000072F73E /* Release */ = {
			isa = XCBuildConfiguration;
			buildSettings = {
				ASSETCATALOG_COMPILER_APPICON_NAME = AppIcon;
				ASSETCATALOG_COMPILER_GLOBAL_ACCENT_COLOR_NAME = AccentColor;
				CODE_SIGN_STYLE = Automatic;
				CURRENT_PROJECT_VERSION = 1;
				DEVELOPMENT_ASSET_PATHS = "\"PersonaBot/Preview Content\"";
				DEVELOPMENT_TEAM = 38BX39NM89;
				ENABLE_PREVIEWS = YES;
				GENERATE_INFOPLIST_FILE = YES;
				INFOPLIST_FILE = PersonaBot/Info.plist;
				INFOPLIST_KEY_LSApplicationCategoryType = "";
				INFOPLIST_KEY_UIApplicationSceneManifest_Generation = YES;
				INFOPLIST_KEY_UIApplicationSupportsIndirectInputEvents = YES;
				INFOPLIST_KEY_UILaunchScreen_Generation = YES;
				INFOPLIST_KEY_UISupportedInterfaceOrientations_iPad = "UIInterfaceOrientationPortrait UIInterfaceOrientationPortraitUpsideDown UIInterfaceOrientationLandscapeLeft UIInterfaceOrientationLandscapeRight";
				INFOPLIST_KEY_UISupportedInterfaceOrientations_iPhone = "UIInterfaceOrientationPortrait UIInterfaceOrientationLandscapeLeft UIInterfaceOrientationLandscapeRight";
				IPHONEOS_DEPLOYMENT_TARGET = 15.6;
				LD_RUNPATH_SEARCH_PATHS = (
					"$(inherited)",
					"@executable_path/Frameworks",
				);
				MARKETING_VERSION = 1.0;
				PRODUCT_BUNDLE_IDENTIFIER = PersonaEth.PersonaBot;
				PRODUCT_NAME = "$(TARGET_NAME)";
				SWIFT_EMIT_LOC_STRINGS = YES;
				SWIFT_VERSION = 5.0;
				TARGETED_DEVICE_FAMILY = "1,2";
			};
			name = Release;
		};
		195F98DA2CF883000072F73E /* Debug */ = {
			isa = XCBuildConfiguration;
			buildSettings = {
				BUNDLE_LOADER = "$(TEST_HOST)";
				CODE_SIGN_STYLE = Automatic;
				CURRENT_PROJECT_VERSION = 1;
				DEVELOPMENT_TEAM = 38BX39NM89;
				GENERATE_INFOPLIST_FILE = YES;
				IPHONEOS_DEPLOYMENT_TARGET = 18.1;
				MARKETING_VERSION = 1.0;
				PRODUCT_BUNDLE_IDENTIFIER = PersonaEth.PersonaBotTests;
				PRODUCT_NAME = "$(TARGET_NAME)";
				SWIFT_EMIT_LOC_STRINGS = NO;
				SWIFT_VERSION = 5.0;
				TARGETED_DEVICE_FAMILY = "1,2";
				TEST_HOST = "$(BUILT_PRODUCTS_DIR)/PersonaBot.app/$(BUNDLE_EXECUTABLE_FOLDER_PATH)/PersonaBot";
			};
			name = Debug;
		};
		195F98DB2CF883000072F73E /* Release */ = {
			isa = XCBuildConfiguration;
			buildSettings = {
				BUNDLE_LOADER = "$(TEST_HOST)";
				CODE_SIGN_STYLE = Automatic;
				CURRENT_PROJECT_VERSION = 1;
				DEVELOPMENT_TEAM = 38BX39NM89;
				GENERATE_INFOPLIST_FILE = YES;
				IPHONEOS_DEPLOYMENT_TARGET = 18.1;
				MARKETING_VERSION = 1.0;
				PRODUCT_BUNDLE_IDENTIFIER = PersonaEth.PersonaBotTests;
				PRODUCT_NAME = "$(TARGET_NAME)";
				SWIFT_EMIT_LOC_STRINGS = NO;
				SWIFT_VERSION = 5.0;
				TARGETED_DEVICE_FAMILY = "1,2";
				TEST_HOST = "$(BUILT_PRODUCTS_DIR)/PersonaBot.app/$(BUNDLE_EXECUTABLE_FOLDER_PATH)/PersonaBot";
			};
			name = Release;
		};
		195F98DD2CF883000072F73E /* Debug */ = {
			isa = XCBuildConfiguration;
			buildSettings = {
				CODE_SIGN_STYLE = Automatic;
				CURRENT_PROJECT_VERSION = 1;
				DEVELOPMENT_TEAM = 38BX39NM89;
				GENERATE_INFOPLIST_FILE = YES;
				MARKETING_VERSION = 1.0;
				PRODUCT_BUNDLE_IDENTIFIER = PersonaEth.PersonaBotUITests;
				PRODUCT_NAME = "$(TARGET_NAME)";
				SWIFT_EMIT_LOC_STRINGS = NO;
				SWIFT_VERSION = 5.0;
				TARGETED_DEVICE_FAMILY = "1,2";
				TEST_TARGET_NAME = PersonaBot;
			};
			name = Debug;
		};
		195F98DE2CF883000072F73E /* Release */ = {
			isa = XCBuildConfiguration;
			buildSettings = {
				CODE_SIGN_STYLE = Automatic;
				CURRENT_PROJECT_VERSION = 1;
				DEVELOPMENT_TEAM = 38BX39NM89;
				GENERATE_INFOPLIST_FILE = YES;
				MARKETING_VERSION = 1.0;
				PRODUCT_BUNDLE_IDENTIFIER = PersonaEth.PersonaBotUITests;
				PRODUCT_NAME = "$(TARGET_NAME)";
				SWIFT_EMIT_LOC_STRINGS = NO;
				SWIFT_VERSION = 5.0;
				TARGETED_DEVICE_FAMILY = "1,2";
				TEST_TARGET_NAME = PersonaBot;
			};
			name = Release;
		};
/* End XCBuildConfiguration section */

/* Begin XCConfigurationList section */
		195F98AD2CF882FE0072F73E /* Build configuration list for PBXProject "PersonaBot" */ = {
			isa = XCConfigurationList;
			buildConfigurations = (
				195F98D42CF883000072F73E /* Debug */,
				195F98D52CF883000072F73E /* Release */,
			);
			defaultConfigurationIsVisible = 0;
			defaultConfigurationName = Release;
		};
		195F98D62CF883000072F73E /* Build configuration list for PBXNativeTarget "PersonaBot" */ = {
			isa = XCConfigurationList;
			buildConfigurations = (
				195F98D72CF883000072F73E /* Debug */,
				195F98D82CF883000072F73E /* Release */,
			);
			defaultConfigurationIsVisible = 0;
			defaultConfigurationName = Release;
		};
		195F98D92CF883000072F73E /* Build configuration list for PBXNativeTarget "PersonaBotTests" */ = {
			isa = XCConfigurationList;
			buildConfigurations = (
				195F98DA2CF883000072F73E /* Debug */,
				195F98DB2CF883000072F73E /* Release */,
			);
			defaultConfigurationIsVisible = 0;
			defaultConfigurationName = Release;
		};
		195F98DC2CF883000072F73E /* Build configuration list for PBXNativeTarget "PersonaBotUITests" */ = {
			isa = XCConfigurationList;
			buildConfigurations = (
				195F98DD2CF883000072F73E /* Debug */,
				195F98DE2CF883000072F73E /* Release */,
			);
			defaultConfigurationIsVisible = 0;
			defaultConfigurationName = Release;
		};
/* End XCConfigurationList section */

/* Begin XCRemoteSwiftPackageReference section */
		195F98E22CF89B5D0072F73E /* XCRemoteSwiftPackageReference "supabase-swift" */ = {
			isa = XCRemoteSwiftPackageReference;
			repositoryURL = "https://github.com/supabase/supabase-swift";
			requirement = {
				kind = upToNextMajorVersion;
				minimumVersion = 2.5.1;
			};
		};
		195F98EF2CF8A20E0072F73E /* XCRemoteSwiftPackageReference "SwiftKeychainWrapper" */ = {
			isa = XCRemoteSwiftPackageReference;
			repositoryURL = "https://github.com/jrendel/SwiftKeychainWrapper.git";
			requirement = {
				kind = upToNextMajorVersion;
				minimumVersion = 4.0.1;
			};
		};
		19EB51D82CFBC1D100F64205 /* XCRemoteSwiftPackageReference "posthog-ios" */ = {
			isa = XCRemoteSwiftPackageReference;
			repositoryURL = "https://github.com/PostHog/posthog-ios.git";
			requirement = {
				kind = upToNextMajorVersion;
				minimumVersion = 3.15.9;
			};
		};
/* End XCRemoteSwiftPackageReference section */

/* Begin XCSwiftPackageProductDependency section */
		195F98E32CF89B5D0072F73E /* Auth */ = {
			isa = XCSwiftPackageProductDependency;
			package = 195F98E22CF89B5D0072F73E /* XCRemoteSwiftPackageReference "supabase-swift" */;
			productName = Auth;
		};
		195F98E52CF89B5D0072F73E /* Functions */ = {
			isa = XCSwiftPackageProductDependency;
			package = 195F98E22CF89B5D0072F73E /* XCRemoteSwiftPackageReference "supabase-swift" */;
			productName = Functions;
		};
		195F98E72CF89B5D0072F73E /* Supabase */ = {
			isa = XCSwiftPackageProductDependency;
			package = 195F98E22CF89B5D0072F73E /* XCRemoteSwiftPackageReference "supabase-swift" */;
			productName = Supabase;
		};
		195F98F02CF8A20E0072F73E /* SwiftKeychainWrapper */ = {
			isa = XCSwiftPackageProductDependency;
			package = 195F98EF2CF8A20E0072F73E /* XCRemoteSwiftPackageReference "SwiftKeychainWrapper" */;
			productName = SwiftKeychainWrapper;
		};
		19EB51D92CFBC21100F64205 /* PostHog */ = {
			isa = XCSwiftPackageProductDependency;
			package = 19EB51D82CFBC1D100F64205 /* XCRemoteSwiftPackageReference "posthog-ios" */;
			productName = PostHog;
		};
/* End XCSwiftPackageProductDependency section */
	};
	rootObject = 195F98AA2CF882FE0072F73E /* Project object */;
}
